
Microsoft Visual Studio Solution File, Format Version 12.00
# Visual Studio Version 16
VisualStudioVersion = 16.0.31005.135
MinimumVisualStudioVersion = 10.0.40219.1
Project("{FAE04EC0-301F-11D3-BF4B-00C04F79EFBC}") = "Soad1", "Soad1\Soad1.csproj", "{AA9743AB-02F6-4C2D-A91E-0D35DAB730EF}"
EndProject
Global
	GlobalSection(SolutionConfigurationPlatforms) = preSolution
		Debug|Any CPU = Debug|Any CPU
		Release|Any CPU = Release|Any CPU
	EndGlobalSection
	GlobalSection(ProjectConfigurationPlatforms) = postSolution
		{AA9743AB-02F6-4C2D-A91E-0D35DAB730EF}.Debug|Any CPU.ActiveCfg = Debug|Any CPU
		{AA9743AB-02F6-4C2D-A91E-0D35DAB730EF}.Debug|Any CPU.Build.0 = Debug|Any CPU
		{AA9743AB-02F6-4C2D-A91E-0D35DAB730EF}.Release|Any CPU.ActiveCfg = Release|Any CPU
		{AA9743AB-02F6-4C2D-A91E-0D35DAB730EF}.Release|Any CPU.Build.0 = Release|Any CPU
	EndGlobalSection
	GlobalSection(SolutionProperties) = preSolution
		HideSolutionNode = FALSE
	EndGlobalSection
	GlobalSection(ExtensibilityGlobals) = postSolution
		SolutionGuid = {0B342406-90DB-4A4E-A6E5-CAFE5ADEE30A}
	EndGlobalSection
EndGlobal
